// !$*UTF8*$!
{
	archiveVersion = 1;
	classes = {
	};
	objectVersion = 50;
	objects = {

/* Begin PBXBuildFile section */
		D01275D224198CAD00094B2F /* MapViewController.swift in Sources */ = {isa = PBXBuildFile; fileRef = D01275D124198CAD00094B2F /* MapViewController.swift */; };
		D08673802416F5D70035924D /* AppDelegate.swift in Sources */ = {isa = PBXBuildFile; fileRef = D086737F2416F5D70035924D /* AppDelegate.swift */; };
		D08673822416F5D70035924D /* SceneDelegate.swift in Sources */ = {isa = PBXBuildFile; fileRef = D08673812416F5D70035924D /* SceneDelegate.swift */; };
		D08673842416F5D70035924D /* ViewController.swift in Sources */ = {isa = PBXBuildFile; fileRef = D08673832416F5D70035924D /* ViewController.swift */; };
		D08673872416F5D70035924D /* Main.storyboard in Resources */ = {isa = PBXBuildFile; fileRef = D08673852416F5D70035924D /* Main.storyboard */; };
		D08673892416F5D90035924D /* Assets.xcassets in Resources */ = {isa = PBXBuildFile; fileRef = D08673882416F5D90035924D /* Assets.xcassets */; };
		D086738C2416F5D90035924D /* LaunchScreen.storyboard in Resources */ = {isa = PBXBuildFile; fileRef = D086738A2416F5D90035924D /* LaunchScreen.storyboard */; };
		D08673942416F7BD0035924D /* TableViewController.swift in Sources */ = {isa = PBXBuildFile; fileRef = D08673932416F7BD0035924D /* TableViewController.swift */; };
		D0867396241712830035924D /* Icon-20.png in Resources */ = {isa = PBXBuildFile; fileRef = D0867395241712830035924D /* Icon-20.png */; };
		D086739924172A030035924D /* CoreLocation.framework in Frameworks */ = {isa = PBXBuildFile; fileRef = D086739824172A030035924D /* CoreLocation.framework */; };
/* End PBXBuildFile section */

/* Begin PBXFileReference section */
		D01275D124198CAD00094B2F /* MapViewController.swift */ = {isa = PBXFileReference; lastKnownFileType = sourcecode.swift; path = MapViewController.swift; sourceTree = "<group>"; };
		D086737C2416F5D70035924D /* minerals.app */ = {isa = PBXFileReference; explicitFileType = wrapper.application; includeInIndex = 0; path = minerals.app; sourceTree = BUILT_PRODUCTS_DIR; };
		D086737F2416F5D70035924D /* AppDelegate.swift */ = {isa = PBXFileReference; lastKnownFileType = sourcecode.swift; path = AppDelegate.swift; sourceTree = "<group>"; };
		D08673812416F5D70035924D /* SceneDelegate.swift */ = {isa = PBXFileReference; lastKnownFileType = sourcecode.swift; path = SceneDelegate.swift; sourceTree = "<group>"; };
		D08673832416F5D70035924D /* ViewController.swift */ = {isa = PBXFileReference; lastKnownFileType = sourcecode.swift; path = ViewController.swift; sourceTree = "<group>"; };
		D08673862416F5D70035924D /* Base */ = {isa = PBXFileReference; lastKnownFileType = file.storyboard; name = Base; path = Base.lproj/Main.storyboard; sourceTree = "<group>"; };
		D08673882416F5D90035924D /* Assets.xcassets */ = {isa = PBXFileReference; lastKnownFileType = folder.assetcatalog; path = Assets.xcassets; sourceTree = "<group>"; };
		D086738B2416F5D90035924D /* Base */ = {isa = PBXFileReference; lastKnownFileType = file.storyboard; name = Base; path = Base.lproj/LaunchScreen.storyboard; sourceTree = "<group>"; };
		D086738D2416F5D90035924D /* Info.plist */ = {isa = PBXFileReference; lastKnownFileType = text.plist.xml; path = Info.plist; sourceTree = "<group>"; };
		D08673932416F7BD0035924D /* TableViewController.swift */ = {isa = PBXFileReference; lastKnownFileType = sourcecode.swift; path = TableViewController.swift; sourceTree = "<group>"; };
		D0867395241712830035924D /* Icon-20.png */ = {isa = PBXFileReference; lastKnownFileType = image.png; path = "Icon-20.png"; sourceTree = "<group>"; };
		D086739824172A030035924D /* CoreLocation.framework */ = {isa = PBXFileReference; lastKnownFileType = wrapper.framework; name = CoreLocation.framework; path = System/Library/Frameworks/CoreLocation.framework; sourceTree = SDKROOT; };
/* End PBXFileReference section */

/* Begin PBXFrameworksBuildPhase section */
		D08673792416F5D70035924D /* Frameworks */ = {
			isa = PBXFrameworksBuildPhase;
			buildActionMask = 2147483647;
			files = (
				D086739924172A030035924D /* CoreLocation.framework in Frameworks */,
			);
			runOnlyForDeploymentPostprocessing = 0;
		};
/* End PBXFrameworksBuildPhase section */

/* Begin PBXGroup section */
		D08673732416F5D70035924D = {
			isa = PBXGroup;
			children = (
				D086737E2416F5D70035924D /* minerals */,
				D086737D2416F5D70035924D /* Products */,
				D086739724172A030035924D /* Frameworks */,
			);
			sourceTree = "<group>";
		};
		D086737D2416F5D70035924D /* Products */ = {
			isa = PBXGroup;
			children = (
				D086737C2416F5D70035924D /* minerals.app */,
			);
			name = Products;
			sourceTree = "<group>";
		};
		D086737E2416F5D70035924D /* minerals */ = {
			isa = PBXGroup;
			children = (
				D01275D124198CAD00094B2F /* MapViewController.swift */,
				D086737F2416F5D70035924D /* AppDelegate.swift */,
				D08673812416F5D70035924D /* SceneDelegate.swift */,
				D08673832416F5D70035924D /* ViewController.swift */,
				D08673852416F5D70035924D /* Main.storyboard */,
				D08673932416F7BD0035924D /* TableViewController.swift */,
				D08673882416F5D90035924D /* Assets.xcassets */,
				D0867395241712830035924D /* Icon-20.png */,
				D086738A2416F5D90035924D /* LaunchScreen.storyboard */,
				D086738D2416F5D90035924D /* Info.plist */,
			);
			path = minerals;
			sourceTree = "<group>";
		};
		D086739724172A030035924D /* Frameworks */ = {
			isa = PBXGroup;
			children = (
				D086739824172A030035924D /* CoreLocation.framework */,
			);
			name = Frameworks;
			sourceTree = "<group>";
		};
/* End PBXGroup section */

/* Begin PBXNativeTarget section */
		D086737B2416F5D70035924D /* minerals */ = {
			isa = PBXNativeTarget;
			buildConfigurationList = D08673902416F5D90035924D /* Build configuration list for PBXNativeTarget "minerals" */;
			buildPhases = (
				D08673782416F5D70035924D /* Sources */,
				D08673792416F5D70035924D /* Frameworks */,
				D086737A2416F5D70035924D /* Resources */,
			);
			buildRules = (
			);
			dependencies = (
			);
			name = minerals;
			productName = minerals;
			productReference = D086737C2416F5D70035924D /* minerals.app */;
			productType = "com.apple.product-type.application";
		};
/* End PBXNativeTarget section */

/* Begin PBXProject section */
		D08673742416F5D70035924D /* Project object */ = {
			isa = PBXProject;
			attributes = {
				LastSwiftUpdateCheck = 1130;
				LastUpgradeCheck = 1130;
				ORGANIZATIONNAME = "Gabe Raymondi";
				TargetAttributes = {
					D086737B2416F5D70035924D = {
						CreatedOnToolsVersion = 11.3.1;
					};
				};
			};
			buildConfigurationList = D08673772416F5D70035924D /* Build configuration list for PBXProject "minerals" */;
			compatibilityVersion = "Xcode 9.3";
			developmentRegion = en;
			hasScannedForEncodings = 0;
			knownRegions = (
				en,
				Base,
			);
			mainGroup = D08673732416F5D70035924D;
			productRefGroup = D086737D2416F5D70035924D /* Products */;
			projectDirPath = "";
			projectRoot = "";
			targets = (
				D086737B2416F5D70035924D /* minerals */,
			);
		};
/* End PBXProject section */

/* Begin PBXResourcesBuildPhase section */
		D086737A2416F5D70035924D /* Resources */ = {
			isa = PBXResourcesBuildPhase;
			buildActionMask = 2147483647;
			files = (
				D086738C2416F5D90035924D /* LaunchScreen.storyboard in Resources */,
				D08673892416F5D90035924D /* Assets.xcassets in Resources */,
				D0867396241712830035924D /* Icon-20.png in Resources */,
				D08673872416F5D70035924D /* Main.storyboard in Resources */,
			);
			runOnlyForDeploymentPostprocessing = 0;
		};
/* End PBXResourcesBuildPhase section */

/* Begin PBXSourcesBuildPhase section */
		D08673782416F5D70035924D /* Sources */ = {
			isa = PBXSourcesBuildPhase;
			buildActionMask = 2147483647;
			files = (
				D08673842416F5D70035924D /* ViewController.swift in Sources */,
				D08673802416F5D70035924D /* AppDelegate.swift in Sources */,
				D08673822416F5D70035924D /* SceneDelegate.swift in Sources */,
				D01275D224198CAD00094B2F /* MapViewController.swift in Sources */,
				D08673942416F7BD0035924D /* TableViewController.swift in Sources */,
			);
			runOnlyForDeploymentPostprocessing = 0;
		};
/* End PBXSourcesBuildPhase section */

/* Begin PBXVariantGroup section */
		D08673852416F5D70035924D /* Main.storyboard */ = {
			isa = PBXVariantGroup;
			children = (
				D08673862416F5D70035924D /* Base */,
			);
			name = Main.storyboard;
			sourceTree = "<group>";
		};
		D086738A2416F5D90035924D /* LaunchScreen.storyboard */ = {
			isa = PBXVariantGroup;
			children = (
				D086738B2416F5D90035924D /* Base */,
			);
			name = LaunchScreen.storyboard;
			sourceTree = "<group>";
		};
/* End PBXVariantGroup section */

/* Begin XCBuildConfiguration section */
		D086738E2416F5D90035924D /* Debug */ = {
			isa = XCBuildConfiguration;
			buildSettings = {
				ALWAYS_SEARCH_USER_PATHS = NO;
				CLANG_ANALYZER_NONNULL = YES;
				CLANG_ANALYZER_NUMBER_OBJECT_CONVERSION = YES_AGGRESSIVE;
				CLANG_CXX_LANGUAGE_STANDARD = "gnu++14";
				CLANG_CXX_LIBRARY = "libc++";
				CLANG_ENABLE_MODULES = YES;
				CLANG_ENABLE_OBJC_ARC = YES;
				CLANG_ENABLE_OBJC_WEAK = YES;
				CLANG_WARN_BLOCK_CAPTURE_AUTORELEASING = YES;
				CLANG_WARN_BOOL_CONVERSION = YES;
				CLANG_WARN_COMMA = YES;
				CLANG_WARN_CONSTANT_CONVERSION = YES;
				CLANG_WARN_DEPRECATED_OBJC_IMPLEMENTATIONS = YES;
				CLANG_WARN_DIRECT_OBJC_ISA_USAGE = YES_ERROR;
				CLANG_WARN_DOCUMENTATION_COMMENTS = YES;
				CLANG_WARN_EMPTY_BODY = YES;
				CLANG_WARN_ENUM_CONVERSION = YES;
				CLANG_WARN_INFINITE_RECURSION = YES;
				CLANG_WARN_INT_CONVERSION = YES;
				CLANG_WARN_NON_LITERAL_NULL_CONVERSION = YES;
				CLANG_WARN_OBJC_IMPLICIT_RETAIN_SELF = YES;
				CLANG_WARN_OBJC_LITERAL_CONVERSION = YES;
				CLANG_WARN_OBJC_ROOT_CLASS = YES_ERROR;
				CLANG_WARN_RANGE_LOOP_ANALYSIS = YES;
				CLANG_WARN_STRICT_PROTOTYPES = YES;
				CLANG_WARN_SUSPICIOUS_MOVE = YES;
				CLANG_WARN_UNGUARDED_AVAILABILITY = YES_AGGRESSIVE;
				CLANG_WARN_UNREACHABLE_CODE = YES;
				CLANG_WARN__DUPLICATE_METHOD_MATCH = YES;
				COPY_PHASE_STRIP = NO;
				DEBUG_INFORMATION_FORMAT = dwarf;
				ENABLE_STRICT_OBJC_MSGSEND = YES;
				ENABLE_TESTABILITY = YES;
				GCC_C_LANGUAGE_STANDARD = gnu11;
				GCC_DYNAMIC_NO_PIC = NO;
				GCC_NO_COMMON_BLOCKS = YES;
				GCC_OPTIMIZATION_LEVEL = 0;
				GCC_PREPROCESSOR_DEFINITIONS = (
					"DEBUG=1",
					"$(inherited)",
				);
				GCC_WARN_64_TO_32_BIT_CONVERSION = YES;
				GCC_WARN_ABOUT_RETURN_TYPE = YES_ERROR;
				GCC_WARN_UNDECLARED_SELECTOR = YES;
				GCC_WARN_UNINITIALIZED_AUTOS = YES_AGGRESSIVE;
				GCC_WARN_UNUSED_FUNCTION = YES;
				GCC_WARN_UNUSED_VARIABLE = YES;
				IPHONEOS_DEPLOYMENT_TARGET = 13.2;
				MTL_ENABLE_DEBUG_INFO = INCLUDE_SOURCE;
				MTL_FAST_MATH = YES;
				ONLY_ACTIVE_ARCH = YES;
				SDKROOT = iphoneos;
				SWIFT_ACTIVE_COMPILATION_CONDITIONS = DEBUG;
				SWIFT_OPTIMIZATION_LEVEL = "-Onone";
			};
			name = Debug;
		};
		D086738F2416F5D90035924D /* Release */ = {
			isa = XCBuildConfiguration;
			buildSettings = {
				ALWAYS_SEARCH_USER_PATHS = NO;
				CLANG_ANALYZER_NONNULL = YES;
				CLANG_ANALYZER_NUMBER_OBJECT_CONVERSION = YES_AGGRESSIVE;
				CLANG_CXX_LANGUAGE_STANDARD = "gnu++14";
				CLANG_CXX_LIBRARY = "libc++";
				CLANG_ENABLE_MODULES = YES;
				CLANG_ENABLE_OBJC_ARC = YES;
				CLANG_ENABLE_OBJC_WEAK = YES;
				CLANG_WARN_BLOCK_CAPTURE_AUTORELEASING = YES;
				CLANG_WARN_BOOL_CONVERSION = YES;
				CLANG_WARN_COMMA = YES;
				CLANG_WARN_CONSTANT_CONVERSION = YES;
				CLANG_WARN_DEPRECATED_OBJC_IMPLEMENTATIONS = YES;
				CLANG_WARN_DIRECT_OBJC_ISA_USAGE = YES_ERROR;
				CLANG_WARN_DOCUMENTATION_COMMENTS = YES;
				CLANG_WARN_EMPTY_BODY = YES;
				CLANG_WARN_ENUM_CONVERSION = YES;
				CLANG_WARN_INFINITE_RECURSION = YES;
				CLANG_WARN_INT_CONVERSION = YES;
				CLANG_WARN_NON_LITERAL_NULL_CONVERSION = YES;
				CLANG_WARN_OBJC_IMPLICIT_RETAIN_SELF = YES;
				CLANG_WARN_OBJC_LITERAL_CONVERSION = YES;
				CLANG_WARN_OBJC_ROOT_CLASS = YES_ERROR;
				CLANG_WARN_RANGE_LOOP_ANALYSIS = YES;
				CLANG_WARN_STRICT_PROTOTYPES = YES;
				CLANG_WARN_SUSPICIOUS_MOVE = YES;
				CLANG_WARN_UNGUARDED_AVAILABILITY = YES_AGGRESSIVE;
				CLANG_WARN_UNREACHABLE_CODE = YES;
				CLANG_WARN__DUPLICATE_METHOD_MATCH = YES;
				COPY_PHASE_STRIP = NO;
				DEBUG_INFORMATION_FORMAT = "dwarf-with-dsym";
				ENABLE_NS_ASSERTIONS = NO;
				ENABLE_STRICT_OBJC_MSGSEND = YES;
				GCC_C_LANGUAGE_STANDARD = gnu11;
				GCC_NO_COMMON_BLOCKS = YES;
				GCC_WARN_64_TO_32_BIT_CONVERSION = YES;
				GCC_WARN_ABOUT_RETURN_TYPE = YES_ERROR;
				GCC_WARN_UNDECLARED_SELECTOR = YES;
				GCC_WARN_UNINITIALIZED_AUTOS = YES_AGGRESSIVE;
				GCC_WARN_UNUSED_FUNCTION = YES;
				GCC_WARN_UNUSED_VARIABLE = YES;
				IPHONEOS_DEPLOYMENT_TARGET = 13.2;
				MTL_ENABLE_DEBUG_INFO = NO;
				MTL_FAST_MATH = YES;
				SDKROOT = iphoneos;
				SWIFT_COMPILATION_MODE = wholemodule;
				SWIFT_OPTIMIZATION_LEVEL = "-O";
				VALIDATE_PRODUCT = YES;
			};
			name = Release;
		};
		D08673912416F5D90035924D /* Debug */ = {
			isa = XCBuildConfiguration;
			buildSettings = {
				ASSETCATALOG_COMPILER_APPICON_NAME = AppIcon;
				CODE_SIGN_STYLE = Automatic;
				INFOPLIST_FILE = minerals/Info.plist;
				LD_RUNPATH_SEARCH_PATHS = (
					"$(inherited)",
					"@executable_path/Frameworks",
				);
				PRODUCT_BUNDLE_IDENTIFIER = MAD.minerals;
				PRODUCT_NAME = "$(TARGET_NAME)";
				SWIFT_VERSION = 5.0;
				TARGETED_DEVICE_FAMILY = "1,2";
			};
			name = Debug;
		};
		D08673922416F5D90035924D /* Release */ = {
			isa = XCBuildConfiguration;
			buildSettings = {
				ASSETCATALOG_COMPILER_APPICON_NAME = AppIcon;
				CODE_SIGN_STYLE = Automatic;
				INFOPLIST_FILE = minerals/Info.plist;
				LD_RUNPATH_SEARCH_PATHS = (
					"$(inherited)",
					"@executable_path/Frameworks",
				);
				PRODUCT_BUNDLE_IDENTIFIER = MAD.minerals;
				PRODUCT_NAME = "$(TARGET_NAME)";
				SWIFT_VERSION = 5.0;
				TARGETED_DEVICE_FAMILY = "1,2";
			};
			name = Release;
		};
/* End XCBuildConfiguration section */

/* Begin XCConfigurationList section */
		D08673772416F5D70035924D /* Build configuration list for PBXProject "minerals" */ = {
			isa = XCConfigurationList;
			buildConfigurations = (
				D086738E2416F5D90035924D /* Debug */,
				D086738F2416F5D90035924D /* Release */,
			);
			defaultConfigurationIsVisible = 0;
			defaultConfigurationName = Release;
		};
		D08673902416F5D90035924D /* Build configuration list for PBXNativeTarget "minerals" */ = {
			isa = XCConfigurationList;
			buildConfigurations = (
				D08673912416F5D90035924D /* Debug */,
				D08673922416F5D90035924D /* Release */,
			);
			defaultConfigurationIsVisible = 0;
			defaultConfigurationName = Release;
		};
/* End XCConfigurationList section */
	};
	rootObject = D08673742416F5D70035924D /* Project object */;
}
