// !$*UTF8*$!
{
	archiveVersion = 1;
	classes = {
	};
	objectVersion = 50;
	objects = {

/* Begin PBXBuildFile section */
		D04A2CEA23D9FF0B00675185 /* AppDelegate.swift in Sources */ = {isa = PBXBuildFile; fileRef = D04A2CE923D9FF0B00675185 /* AppDelegate.swift */; };
		D04A2CEC23D9FF0B00675185 /* SceneDelegate.swift in Sources */ = {isa = PBXBuildFile; fileRef = D04A2CEB23D9FF0B00675185 /* SceneDelegate.swift */; };
		D04A2CEE23D9FF0B00675185 /* FirstViewController.swift in Sources */ = {isa = PBXBuildFile; fileRef = D04A2CED23D9FF0B00675185 /* FirstViewController.swift */; };
		D04A2CF023D9FF0B00675185 /* SecondViewController.swift in Sources */ = {isa = PBXBuildFile; fileRef = D04A2CEF23D9FF0B00675185 /* SecondViewController.swift */; };
		D04A2CF323D9FF0B00675185 /* Main.storyboard in Resources */ = {isa = PBXBuildFile; fileRef = D04A2CF123D9FF0B00675185 /* Main.storyboard */; };
		D04A2CF523D9FF0C00675185 /* Assets.xcassets in Resources */ = {isa = PBXBuildFile; fileRef = D04A2CF423D9FF0C00675185 /* Assets.xcassets */; };
		D04A2CF823D9FF0C00675185 /* LaunchScreen.storyboard in Resources */ = {isa = PBXBuildFile; fileRef = D04A2CF623D9FF0C00675185 /* LaunchScreen.storyboard */; };
		D04A2D0023DA0BB400675185 /* ThirdViewController.swift in Sources */ = {isa = PBXBuildFile; fileRef = D04A2CFF23DA0BB400675185 /* ThirdViewController.swift */; };
		D04A2D0223DA0D3000675185 /* artist-albums.plist in Resources */ = {isa = PBXBuildFile; fileRef = D04A2D0123DA0D3000675185 /* artist-albums.plist */; };
		D04A2D0423DA119900675185 /* ArtistAlbums.swift in Sources */ = {isa = PBXBuildFile; fileRef = D04A2D0323DA119900675185 /* ArtistAlbums.swift */; };
		D04A2D0823DA134900675185 /* ArtistAlbumController.swift in Sources */ = {isa = PBXBuildFile; fileRef = D04A2D0723DA134900675185 /* ArtistAlbumController.swift */; };
/* End PBXBuildFile section */

/* Begin PBXFileReference section */
		D04A2CE623D9FF0B00675185 /* music_demo.app */ = {isa = PBXFileReference; explicitFileType = wrapper.application; includeInIndex = 0; path = music_demo.app; sourceTree = BUILT_PRODUCTS_DIR; };
		D04A2CE923D9FF0B00675185 /* AppDelegate.swift */ = {isa = PBXFileReference; lastKnownFileType = sourcecode.swift; path = AppDelegate.swift; sourceTree = "<group>"; };
		D04A2CEB23D9FF0B00675185 /* SceneDelegate.swift */ = {isa = PBXFileReference; lastKnownFileType = sourcecode.swift; path = SceneDelegate.swift; sourceTree = "<group>"; };
		D04A2CED23D9FF0B00675185 /* FirstViewController.swift */ = {isa = PBXFileReference; lastKnownFileType = sourcecode.swift; path = FirstViewController.swift; sourceTree = "<group>"; };
		D04A2CEF23D9FF0B00675185 /* SecondViewController.swift */ = {isa = PBXFileReference; lastKnownFileType = sourcecode.swift; path = SecondViewController.swift; sourceTree = "<group>"; };
		D04A2CF223D9FF0B00675185 /* Base */ = {isa = PBXFileReference; lastKnownFileType = file.storyboard; name = Base; path = Base.lproj/Main.storyboard; sourceTree = "<group>"; };
		D04A2CF423D9FF0C00675185 /* Assets.xcassets */ = {isa = PBXFileReference; lastKnownFileType = folder.assetcatalog; path = Assets.xcassets; sourceTree = "<group>"; };
		D04A2CF723D9FF0C00675185 /* Base */ = {isa = PBXFileReference; lastKnownFileType = file.storyboard; name = Base; path = Base.lproj/LaunchScreen.storyboard; sourceTree = "<group>"; };
		D04A2CF923D9FF0C00675185 /* Info.plist */ = {isa = PBXFileReference; lastKnownFileType = text.plist.xml; path = Info.plist; sourceTree = "<group>"; };
		D04A2CFF23DA0BB400675185 /* ThirdViewController.swift */ = {isa = PBXFileReference; lastKnownFileType = sourcecode.swift; path = ThirdViewController.swift; sourceTree = "<group>"; };
		D04A2D0123DA0D3000675185 /* artist-albums.plist */ = {isa = PBXFileReference; lastKnownFileType = text.plist.xml; path = "artist-albums.plist"; sourceTree = "<group>"; };
		D04A2D0323DA119900675185 /* ArtistAlbums.swift */ = {isa = PBXFileReference; lastKnownFileType = sourcecode.swift; path = ArtistAlbums.swift; sourceTree = "<group>"; };
		D04A2D0723DA134900675185 /* ArtistAlbumController.swift */ = {isa = PBXFileReference; lastKnownFileType = sourcecode.swift; path = ArtistAlbumController.swift; sourceTree = "<group>"; };
/* End PBXFileReference section */

/* Begin PBXFrameworksBuildPhase section */
		D04A2CE323D9FF0B00675185 /* Frameworks */ = {
			isa = PBXFrameworksBuildPhase;
			buildActionMask = 2147483647;
			files = (
			);
			runOnlyForDeploymentPostprocessing = 0;
		};
/* End PBXFrameworksBuildPhase section */

/* Begin PBXGroup section */
		D04A2CDD23D9FF0B00675185 = {
			isa = PBXGroup;
			children = (
				D04A2CE823D9FF0B00675185 /* music_demo */,
				D04A2CE723D9FF0B00675185 /* Products */,
			);
			sourceTree = "<group>";
		};
		D04A2CE723D9FF0B00675185 /* Products */ = {
			isa = PBXGroup;
			children = (
				D04A2CE623D9FF0B00675185 /* music_demo.app */,
			);
			name = Products;
			sourceTree = "<group>";
		};
		D04A2CE823D9FF0B00675185 /* music_demo */ = {
			isa = PBXGroup;
			children = (
				D04A2CFF23DA0BB400675185 /* ThirdViewController.swift */,
				D04A2CE923D9FF0B00675185 /* AppDelegate.swift */,
				D04A2CEB23D9FF0B00675185 /* SceneDelegate.swift */,
				D04A2CED23D9FF0B00675185 /* FirstViewController.swift */,
				D04A2CEF23D9FF0B00675185 /* SecondViewController.swift */,
				D04A2CF123D9FF0B00675185 /* Main.storyboard */,
				D04A2D0123DA0D3000675185 /* artist-albums.plist */,
				D04A2D0323DA119900675185 /* ArtistAlbums.swift */,
				D04A2D0723DA134900675185 /* ArtistAlbumController.swift */,
				D04A2CF423D9FF0C00675185 /* Assets.xcassets */,
				D04A2CF623D9FF0C00675185 /* LaunchScreen.storyboard */,
				D04A2CF923D9FF0C00675185 /* Info.plist */,
			);
			path = music_demo;
			sourceTree = "<group>";
		};
/* End PBXGroup section */

/* Begin PBXNativeTarget section */
		D04A2CE523D9FF0B00675185 /* music_demo */ = {
			isa = PBXNativeTarget;
			buildConfigurationList = D04A2CFC23D9FF0C00675185 /* Build configuration list for PBXNativeTarget "music_demo" */;
			buildPhases = (
				D04A2CE223D9FF0B00675185 /* Sources */,
				D04A2CE323D9FF0B00675185 /* Frameworks */,
				D04A2CE423D9FF0B00675185 /* Resources */,
			);
			buildRules = (
			);
			dependencies = (
			);
			name = music_demo;
			productName = music_demo;
			productReference = D04A2CE623D9FF0B00675185 /* music_demo.app */;
			productType = "com.apple.product-type.application";
		};
/* End PBXNativeTarget section */

/* Begin PBXProject section */
		D04A2CDE23D9FF0B00675185 /* Project object */ = {
			isa = PBXProject;
			attributes = {
				LastSwiftUpdateCheck = 1130;
				LastUpgradeCheck = 1130;
				ORGANIZATIONNAME = "Gabe Raymondi";
				TargetAttributes = {
					D04A2CE523D9FF0B00675185 = {
						CreatedOnToolsVersion = 11.3.1;
					};
				};
			};
			buildConfigurationList = D04A2CE123D9FF0B00675185 /* Build configuration list for PBXProject "music_demo" */;
			compatibilityVersion = "Xcode 9.3";
			developmentRegion = en;
			hasScannedForEncodings = 0;
			knownRegions = (
				en,
				Base,
			);
			mainGroup = D04A2CDD23D9FF0B00675185;
			productRefGroup = D04A2CE723D9FF0B00675185 /* Products */;
			projectDirPath = "";
			projectRoot = "";
			targets = (
				D04A2CE523D9FF0B00675185 /* music_demo */,
			);
		};
/* End PBXProject section */

/* Begin PBXResourcesBuildPhase section */
		D04A2CE423D9FF0B00675185 /* Resources */ = {
			isa = PBXResourcesBuildPhase;
			buildActionMask = 2147483647;
			files = (
				D04A2CF823D9FF0C00675185 /* LaunchScreen.storyboard in Resources */,
				D04A2D0223DA0D3000675185 /* artist-albums.plist in Resources */,
				D04A2CF523D9FF0C00675185 /* Assets.xcassets in Resources */,
				D04A2CF323D9FF0B00675185 /* Main.storyboard in Resources */,
			);
			runOnlyForDeploymentPostprocessing = 0;
		};
/* End PBXResourcesBuildPhase section */

/* Begin PBXSourcesBuildPhase section */
		D04A2CE223D9FF0B00675185 /* Sources */ = {
			isa = PBXSourcesBuildPhase;
			buildActionMask = 2147483647;
			files = (
				D04A2CF023D9FF0B00675185 /* SecondViewController.swift in Sources */,
				D04A2CEE23D9FF0B00675185 /* FirstViewController.swift in Sources */,
				D04A2D0423DA119900675185 /* ArtistAlbums.swift in Sources */,
				D04A2D0023DA0BB400675185 /* ThirdViewController.swift in Sources */,
				D04A2CEA23D9FF0B00675185 /* AppDelegate.swift in Sources */,
				D04A2CEC23D9FF0B00675185 /* SceneDelegate.swift in Sources */,
				D04A2D0823DA134900675185 /* ArtistAlbumController.swift in Sources */,
			);
			runOnlyForDeploymentPostprocessing = 0;
		};
/* End PBXSourcesBuildPhase section */

/* Begin PBXVariantGroup section */
		D04A2CF123D9FF0B00675185 /* Main.storyboard */ = {
			isa = PBXVariantGroup;
			children = (
				D04A2CF223D9FF0B00675185 /* Base */,
			);
			name = Main.storyboard;
			sourceTree = "<group>";
		};
		D04A2CF623D9FF0C00675185 /* LaunchScreen.storyboard */ = {
			isa = PBXVariantGroup;
			children = (
				D04A2CF723D9FF0C00675185 /* Base */,
			);
			name = LaunchScreen.storyboard;
			sourceTree = "<group>";
		};
/* End PBXVariantGroup section */

/* Begin XCBuildConfiguration section */
		D04A2CFA23D9FF0C00675185 /* Debug */ = {
			isa = XCBuildConfiguration;
			buildSettings = {
				ALWAYS_SEARCH_USER_PATHS = NO;
				CLANG_ANALYZER_NONNULL = YES;
				CLANG_ANALYZER_NUMBER_OBJECT_CONVERSION = YES_AGGRESSIVE;
				CLANG_CXX_LANGUAGE_STANDARD = "gnu++14";
				CLANG_CXX_LIBRARY = "libc++";
				CLANG_ENABLE_MODULES = YES;
				CLANG_ENABLE_OBJC_ARC = YES;
				CLANG_ENABLE_OBJC_WEAK = YES;
				CLANG_WARN_BLOCK_CAPTURE_AUTORELEASING = YES;
				CLANG_WARN_BOOL_CONVERSION = YES;
				CLANG_WARN_COMMA = YES;
				CLANG_WARN_CONSTANT_CONVERSION = YES;
				CLANG_WARN_DEPRECATED_OBJC_IMPLEMENTATIONS = YES;
				CLANG_WARN_DIRECT_OBJC_ISA_USAGE = YES_ERROR;
				CLANG_WARN_DOCUMENTATION_COMMENTS = YES;
				CLANG_WARN_EMPTY_BODY = YES;
				CLANG_WARN_ENUM_CONVERSION = YES;
				CLANG_WARN_INFINITE_RECURSION = YES;
				CLANG_WARN_INT_CONVERSION = YES;
				CLANG_WARN_NON_LITERAL_NULL_CONVERSION = YES;
				CLANG_WARN_OBJC_IMPLICIT_RETAIN_SELF = YES;
				CLANG_WARN_OBJC_LITERAL_CONVERSION = YES;
				CLANG_WARN_OBJC_ROOT_CLASS = YES_ERROR;
				CLANG_WARN_RANGE_LOOP_ANALYSIS = YES;
				CLANG_WARN_STRICT_PROTOTYPES = YES;
				CLANG_WARN_SUSPICIOUS_MOVE = YES;
				CLANG_WARN_UNGUARDED_AVAILABILITY = YES_AGGRESSIVE;
				CLANG_WARN_UNREACHABLE_CODE = YES;
				CLANG_WARN__DUPLICATE_METHOD_MATCH = YES;
				COPY_PHASE_STRIP = NO;
				DEBUG_INFORMATION_FORMAT = dwarf;
				ENABLE_STRICT_OBJC_MSGSEND = YES;
				ENABLE_TESTABILITY = YES;
				GCC_C_LANGUAGE_STANDARD = gnu11;
				GCC_DYNAMIC_NO_PIC = NO;
				GCC_NO_COMMON_BLOCKS = YES;
				GCC_OPTIMIZATION_LEVEL = 0;
				GCC_PREPROCESSOR_DEFINITIONS = (
					"DEBUG=1",
					"$(inherited)",
				);
				GCC_WARN_64_TO_32_BIT_CONVERSION = YES;
				GCC_WARN_ABOUT_RETURN_TYPE = YES_ERROR;
				GCC_WARN_UNDECLARED_SELECTOR = YES;
				GCC_WARN_UNINITIALIZED_AUTOS = YES_AGGRESSIVE;
				GCC_WARN_UNUSED_FUNCTION = YES;
				GCC_WARN_UNUSED_VARIABLE = YES;
				IPHONEOS_DEPLOYMENT_TARGET = 13.2;
				MTL_ENABLE_DEBUG_INFO = INCLUDE_SOURCE;
				MTL_FAST_MATH = YES;
				ONLY_ACTIVE_ARCH = YES;
				SDKROOT = iphoneos;
				SWIFT_ACTIVE_COMPILATION_CONDITIONS = DEBUG;
				SWIFT_OPTIMIZATION_LEVEL = "-Onone";
			};
			name = Debug;
		};
		D04A2CFB23D9FF0C00675185 /* Release */ = {
			isa = XCBuildConfiguration;
			buildSettings = {
				ALWAYS_SEARCH_USER_PATHS = NO;
				CLANG_ANALYZER_NONNULL = YES;
				CLANG_ANALYZER_NUMBER_OBJECT_CONVERSION = YES_AGGRESSIVE;
				CLANG_CXX_LANGUAGE_STANDARD = "gnu++14";
				CLANG_CXX_LIBRARY = "libc++";
				CLANG_ENABLE_MODULES = YES;
				CLANG_ENABLE_OBJC_ARC = YES;
				CLANG_ENABLE_OBJC_WEAK = YES;
				CLANG_WARN_BLOCK_CAPTURE_AUTORELEASING = YES;
				CLANG_WARN_BOOL_CONVERSION = YES;
				CLANG_WARN_COMMA = YES;
				CLANG_WARN_CONSTANT_CONVERSION = YES;
				CLANG_WARN_DEPRECATED_OBJC_IMPLEMENTATIONS = YES;
				CLANG_WARN_DIRECT_OBJC_ISA_USAGE = YES_ERROR;
				CLANG_WARN_DOCUMENTATION_COMMENTS = YES;
				CLANG_WARN_EMPTY_BODY = YES;
				CLANG_WARN_ENUM_CONVERSION = YES;
				CLANG_WARN_INFINITE_RECURSION = YES;
				CLANG_WARN_INT_CONVERSION = YES;
				CLANG_WARN_NON_LITERAL_NULL_CONVERSION = YES;
				CLANG_WARN_OBJC_IMPLICIT_RETAIN_SELF = YES;
				CLANG_WARN_OBJC_LITERAL_CONVERSION = YES;
				CLANG_WARN_OBJC_ROOT_CLASS = YES_ERROR;
				CLANG_WARN_RANGE_LOOP_ANALYSIS = YES;
				CLANG_WARN_STRICT_PROTOTYPES = YES;
				CLANG_WARN_SUSPICIOUS_MOVE = YES;
				CLANG_WARN_UNGUARDED_AVAILABILITY = YES_AGGRESSIVE;
				CLANG_WARN_UNREACHABLE_CODE = YES;
				CLANG_WARN__DUPLICATE_METHOD_MATCH = YES;
				COPY_PHASE_STRIP = NO;
				DEBUG_INFORMATION_FORMAT = "dwarf-with-dsym";
				ENABLE_NS_ASSERTIONS = NO;
				ENABLE_STRICT_OBJC_MSGSEND = YES;
				GCC_C_LANGUAGE_STANDARD = gnu11;
				GCC_NO_COMMON_BLOCKS = YES;
				GCC_WARN_64_TO_32_BIT_CONVERSION = YES;
				GCC_WARN_ABOUT_RETURN_TYPE = YES_ERROR;
				GCC_WARN_UNDECLARED_SELECTOR = YES;
				GCC_WARN_UNINITIALIZED_AUTOS = YES_AGGRESSIVE;
				GCC_WARN_UNUSED_FUNCTION = YES;
				GCC_WARN_UNUSED_VARIABLE = YES;
				IPHONEOS_DEPLOYMENT_TARGET = 13.2;
				MTL_ENABLE_DEBUG_INFO = NO;
				MTL_FAST_MATH = YES;
				SDKROOT = iphoneos;
				SWIFT_COMPILATION_MODE = wholemodule;
				SWIFT_OPTIMIZATION_LEVEL = "-O";
				VALIDATE_PRODUCT = YES;
			};
			name = Release;
		};
		D04A2CFD23D9FF0C00675185 /* Debug */ = {
			isa = XCBuildConfiguration;
			buildSettings = {
				ASSETCATALOG_COMPILER_APPICON_NAME = AppIcon;
				CODE_SIGN_STYLE = Automatic;
				INFOPLIST_FILE = music_demo/Info.plist;
				LD_RUNPATH_SEARCH_PATHS = (
					"$(inherited)",
					"@executable_path/Frameworks",
				);
				PRODUCT_BUNDLE_IDENTIFIER = "MAD.music-demo";
				PRODUCT_NAME = "$(TARGET_NAME)";
				SWIFT_VERSION = 5.0;
				TARGETED_DEVICE_FAMILY = "1,2";
			};
			name = Debug;
		};
		D04A2CFE23D9FF0C00675185 /* Release */ = {
			isa = XCBuildConfiguration;
			buildSettings = {
				ASSETCATALOG_COMPILER_APPICON_NAME = AppIcon;
				CODE_SIGN_STYLE = Automatic;
				INFOPLIST_FILE = music_demo/Info.plist;
				LD_RUNPATH_SEARCH_PATHS = (
					"$(inherited)",
					"@executable_path/Frameworks",
				);
				PRODUCT_BUNDLE_IDENTIFIER = "MAD.music-demo";
				PRODUCT_NAME = "$(TARGET_NAME)";
				SWIFT_VERSION = 5.0;
				TARGETED_DEVICE_FAMILY = "1,2";
			};
			name = Release;
		};
/* End XCBuildConfiguration section */

/* Begin XCConfigurationList section */
		D04A2CE123D9FF0B00675185 /* Build configuration list for PBXProject "music_demo" */ = {
			isa = XCConfigurationList;
			buildConfigurations = (
				D04A2CFA23D9FF0C00675185 /* Debug */,
				D04A2CFB23D9FF0C00675185 /* Release */,
			);
			defaultConfigurationIsVisible = 0;
			defaultConfigurationName = Release;
		};
		D04A2CFC23D9FF0C00675185 /* Build configuration list for PBXNativeTarget "music_demo" */ = {
			isa = XCConfigurationList;
			buildConfigurations = (
				D04A2CFD23D9FF0C00675185 /* Debug */,
				D04A2CFE23D9FF0C00675185 /* Release */,
			);
			defaultConfigurationIsVisible = 0;
			defaultConfigurationName = Release;
		};
/* End XCConfigurationList section */
	};
	rootObject = D04A2CDE23D9FF0B00675185 /* Project object */;
}
