// !$*UTF8*$!
{
	archiveVersion = 1;
	classes = {
	};
	objectVersion = 50;
	objects = {

/* Begin PBXBuildFile section */
		D024EEDF23E7EF97009503A9 /* AppDelegate.swift in Sources */ = {isa = PBXBuildFile; fileRef = D024EEDE23E7EF97009503A9 /* AppDelegate.swift */; };
		D024EEE123E7EF97009503A9 /* SceneDelegate.swift in Sources */ = {isa = PBXBuildFile; fileRef = D024EEE023E7EF97009503A9 /* SceneDelegate.swift */; };
		D024EEE323E7EF97009503A9 /* FirstViewController.swift in Sources */ = {isa = PBXBuildFile; fileRef = D024EEE223E7EF97009503A9 /* FirstViewController.swift */; };
		D024EEE523E7EF97009503A9 /* SecondViewController.swift in Sources */ = {isa = PBXBuildFile; fileRef = D024EEE423E7EF97009503A9 /* SecondViewController.swift */; };
		D024EEE823E7EF97009503A9 /* Main.storyboard in Resources */ = {isa = PBXBuildFile; fileRef = D024EEE623E7EF97009503A9 /* Main.storyboard */; };
		D024EEEA23E7EF99009503A9 /* Assets.xcassets in Resources */ = {isa = PBXBuildFile; fileRef = D024EEE923E7EF99009503A9 /* Assets.xcassets */; };
		D024EEED23E7EF99009503A9 /* LaunchScreen.storyboard in Resources */ = {isa = PBXBuildFile; fileRef = D024EEEB23E7EF99009503A9 /* LaunchScreen.storyboard */; };
		D024EEF523E7F468009503A9 /* Denver.plist in Resources */ = {isa = PBXBuildFile; fileRef = D024EEF423E7F468009503A9 /* Denver.plist */; };
		D024EEF723E89A32009503A9 /* TeamPlayerController.swift in Sources */ = {isa = PBXBuildFile; fileRef = D024EEF623E89A32009503A9 /* TeamPlayerController.swift */; };
		D024EEF923E89B3F009503A9 /* TeamPlayers.swift in Sources */ = {isa = PBXBuildFile; fileRef = D024EEF823E89B3F009503A9 /* TeamPlayers.swift */; };
		D024EEFB23E8D75C009503A9 /* ThirdViewController.swift in Sources */ = {isa = PBXBuildFile; fileRef = D024EEFA23E8D75C009503A9 /* ThirdViewController.swift */; };
/* End PBXBuildFile section */

/* Begin PBXFileReference section */
		D024EEDB23E7EF97009503A9 /* denver_sports.app */ = {isa = PBXFileReference; explicitFileType = wrapper.application; includeInIndex = 0; path = denver_sports.app; sourceTree = BUILT_PRODUCTS_DIR; };
		D024EEDE23E7EF97009503A9 /* AppDelegate.swift */ = {isa = PBXFileReference; lastKnownFileType = sourcecode.swift; path = AppDelegate.swift; sourceTree = "<group>"; };
		D024EEE023E7EF97009503A9 /* SceneDelegate.swift */ = {isa = PBXFileReference; lastKnownFileType = sourcecode.swift; path = SceneDelegate.swift; sourceTree = "<group>"; };
		D024EEE223E7EF97009503A9 /* FirstViewController.swift */ = {isa = PBXFileReference; lastKnownFileType = sourcecode.swift; path = FirstViewController.swift; sourceTree = "<group>"; };
		D024EEE423E7EF97009503A9 /* SecondViewController.swift */ = {isa = PBXFileReference; lastKnownFileType = sourcecode.swift; path = SecondViewController.swift; sourceTree = "<group>"; };
		D024EEE723E7EF97009503A9 /* Base */ = {isa = PBXFileReference; lastKnownFileType = file.storyboard; name = Base; path = Base.lproj/Main.storyboard; sourceTree = "<group>"; };
		D024EEE923E7EF99009503A9 /* Assets.xcassets */ = {isa = PBXFileReference; lastKnownFileType = folder.assetcatalog; path = Assets.xcassets; sourceTree = "<group>"; };
		D024EEEC23E7EF99009503A9 /* Base */ = {isa = PBXFileReference; lastKnownFileType = file.storyboard; name = Base; path = Base.lproj/LaunchScreen.storyboard; sourceTree = "<group>"; };
		D024EEEE23E7EF99009503A9 /* Info.plist */ = {isa = PBXFileReference; lastKnownFileType = text.plist.xml; path = Info.plist; sourceTree = "<group>"; };
		D024EEF423E7F468009503A9 /* Denver.plist */ = {isa = PBXFileReference; lastKnownFileType = text.plist.xml; path = Denver.plist; sourceTree = "<group>"; };
		D024EEF623E89A32009503A9 /* TeamPlayerController.swift */ = {isa = PBXFileReference; lastKnownFileType = sourcecode.swift; path = TeamPlayerController.swift; sourceTree = "<group>"; };
		D024EEF823E89B3F009503A9 /* TeamPlayers.swift */ = {isa = PBXFileReference; lastKnownFileType = sourcecode.swift; path = TeamPlayers.swift; sourceTree = "<group>"; };
		D024EEFA23E8D75C009503A9 /* ThirdViewController.swift */ = {isa = PBXFileReference; lastKnownFileType = sourcecode.swift; path = ThirdViewController.swift; sourceTree = "<group>"; };
/* End PBXFileReference section */

/* Begin PBXFrameworksBuildPhase section */
		D024EED823E7EF97009503A9 /* Frameworks */ = {
			isa = PBXFrameworksBuildPhase;
			buildActionMask = 2147483647;
			files = (
			);
			runOnlyForDeploymentPostprocessing = 0;
		};
/* End PBXFrameworksBuildPhase section */

/* Begin PBXGroup section */
		D024EED223E7EF97009503A9 = {
			isa = PBXGroup;
			children = (
				D024EEDD23E7EF97009503A9 /* denver_sports */,
				D024EEDC23E7EF97009503A9 /* Products */,
			);
			sourceTree = "<group>";
		};
		D024EEDC23E7EF97009503A9 /* Products */ = {
			isa = PBXGroup;
			children = (
				D024EEDB23E7EF97009503A9 /* denver_sports.app */,
			);
			name = Products;
			sourceTree = "<group>";
		};
		D024EEDD23E7EF97009503A9 /* denver_sports */ = {
			isa = PBXGroup;
			children = (
				D024EEDE23E7EF97009503A9 /* AppDelegate.swift */,
				D024EEE023E7EF97009503A9 /* SceneDelegate.swift */,
				D024EEE223E7EF97009503A9 /* FirstViewController.swift */,
				D024EEE423E7EF97009503A9 /* SecondViewController.swift */,
				D024EEE623E7EF97009503A9 /* Main.storyboard */,
				D024EEF623E89A32009503A9 /* TeamPlayerController.swift */,
				D024EEFA23E8D75C009503A9 /* ThirdViewController.swift */,
				D024EEF823E89B3F009503A9 /* TeamPlayers.swift */,
				D024EEF423E7F468009503A9 /* Denver.plist */,
				D024EEE923E7EF99009503A9 /* Assets.xcassets */,
				D024EEEB23E7EF99009503A9 /* LaunchScreen.storyboard */,
				D024EEEE23E7EF99009503A9 /* Info.plist */,
			);
			path = denver_sports;
			sourceTree = "<group>";
		};
/* End PBXGroup section */

/* Begin PBXNativeTarget section */
		D024EEDA23E7EF97009503A9 /* denver_sports */ = {
			isa = PBXNativeTarget;
			buildConfigurationList = D024EEF123E7EF99009503A9 /* Build configuration list for PBXNativeTarget "denver_sports" */;
			buildPhases = (
				D024EED723E7EF97009503A9 /* Sources */,
				D024EED823E7EF97009503A9 /* Frameworks */,
				D024EED923E7EF97009503A9 /* Resources */,
			);
			buildRules = (
			);
			dependencies = (
			);
			name = denver_sports;
			productName = denver_sports;
			productReference = D024EEDB23E7EF97009503A9 /* denver_sports.app */;
			productType = "com.apple.product-type.application";
		};
/* End PBXNativeTarget section */

/* Begin PBXProject section */
		D024EED323E7EF97009503A9 /* Project object */ = {
			isa = PBXProject;
			attributes = {
				LastSwiftUpdateCheck = 1130;
				LastUpgradeCheck = 1130;
				ORGANIZATIONNAME = "Gabe Raymondi";
				TargetAttributes = {
					D024EEDA23E7EF97009503A9 = {
						CreatedOnToolsVersion = 11.3.1;
					};
				};
			};
			buildConfigurationList = D024EED623E7EF97009503A9 /* Build configuration list for PBXProject "denver_sports" */;
			compatibilityVersion = "Xcode 9.3";
			developmentRegion = en;
			hasScannedForEncodings = 0;
			knownRegions = (
				en,
				Base,
			);
			mainGroup = D024EED223E7EF97009503A9;
			productRefGroup = D024EEDC23E7EF97009503A9 /* Products */;
			projectDirPath = "";
			projectRoot = "";
			targets = (
				D024EEDA23E7EF97009503A9 /* denver_sports */,
			);
		};
/* End PBXProject section */

/* Begin PBXResourcesBuildPhase section */
		D024EED923E7EF97009503A9 /* Resources */ = {
			isa = PBXResourcesBuildPhase;
			buildActionMask = 2147483647;
			files = (
				D024EEED23E7EF99009503A9 /* LaunchScreen.storyboard in Resources */,
				D024EEEA23E7EF99009503A9 /* Assets.xcassets in Resources */,
				D024EEF523E7F468009503A9 /* Denver.plist in Resources */,
				D024EEE823E7EF97009503A9 /* Main.storyboard in Resources */,
			);
			runOnlyForDeploymentPostprocessing = 0;
		};
/* End PBXResourcesBuildPhase section */

/* Begin PBXSourcesBuildPhase section */
		D024EED723E7EF97009503A9 /* Sources */ = {
			isa = PBXSourcesBuildPhase;
			buildActionMask = 2147483647;
			files = (
				D024EEE523E7EF97009503A9 /* SecondViewController.swift in Sources */,
				D024EEF923E89B3F009503A9 /* TeamPlayers.swift in Sources */,
				D024EEE323E7EF97009503A9 /* FirstViewController.swift in Sources */,
				D024EEFB23E8D75C009503A9 /* ThirdViewController.swift in Sources */,
				D024EEDF23E7EF97009503A9 /* AppDelegate.swift in Sources */,
				D024EEF723E89A32009503A9 /* TeamPlayerController.swift in Sources */,
				D024EEE123E7EF97009503A9 /* SceneDelegate.swift in Sources */,
			);
			runOnlyForDeploymentPostprocessing = 0;
		};
/* End PBXSourcesBuildPhase section */

/* Begin PBXVariantGroup section */
		D024EEE623E7EF97009503A9 /* Main.storyboard */ = {
			isa = PBXVariantGroup;
			children = (
				D024EEE723E7EF97009503A9 /* Base */,
			);
			name = Main.storyboard;
			sourceTree = "<group>";
		};
		D024EEEB23E7EF99009503A9 /* LaunchScreen.storyboard */ = {
			isa = PBXVariantGroup;
			children = (
				D024EEEC23E7EF99009503A9 /* Base */,
			);
			name = LaunchScreen.storyboard;
			sourceTree = "<group>";
		};
/* End PBXVariantGroup section */

/* Begin XCBuildConfiguration section */
		D024EEEF23E7EF99009503A9 /* Debug */ = {
			isa = XCBuildConfiguration;
			buildSettings = {
				ALWAYS_SEARCH_USER_PATHS = NO;
				CLANG_ANALYZER_NONNULL = YES;
				CLANG_ANALYZER_NUMBER_OBJECT_CONVERSION = YES_AGGRESSIVE;
				CLANG_CXX_LANGUAGE_STANDARD = "gnu++14";
				CLANG_CXX_LIBRARY = "libc++";
				CLANG_ENABLE_MODULES = YES;
				CLANG_ENABLE_OBJC_ARC = YES;
				CLANG_ENABLE_OBJC_WEAK = YES;
				CLANG_WARN_BLOCK_CAPTURE_AUTORELEASING = YES;
				CLANG_WARN_BOOL_CONVERSION = YES;
				CLANG_WARN_COMMA = YES;
				CLANG_WARN_CONSTANT_CONVERSION = YES;
				CLANG_WARN_DEPRECATED_OBJC_IMPLEMENTATIONS = YES;
				CLANG_WARN_DIRECT_OBJC_ISA_USAGE = YES_ERROR;
				CLANG_WARN_DOCUMENTATION_COMMENTS = YES;
				CLANG_WARN_EMPTY_BODY = YES;
				CLANG_WARN_ENUM_CONVERSION = YES;
				CLANG_WARN_INFINITE_RECURSION = YES;
				CLANG_WARN_INT_CONVERSION = YES;
				CLANG_WARN_NON_LITERAL_NULL_CONVERSION = YES;
				CLANG_WARN_OBJC_IMPLICIT_RETAIN_SELF = YES;
				CLANG_WARN_OBJC_LITERAL_CONVERSION = YES;
				CLANG_WARN_OBJC_ROOT_CLASS = YES_ERROR;
				CLANG_WARN_RANGE_LOOP_ANALYSIS = YES;
				CLANG_WARN_STRICT_PROTOTYPES = YES;
				CLANG_WARN_SUSPICIOUS_MOVE = YES;
				CLANG_WARN_UNGUARDED_AVAILABILITY = YES_AGGRESSIVE;
				CLANG_WARN_UNREACHABLE_CODE = YES;
				CLANG_WARN__DUPLICATE_METHOD_MATCH = YES;
				COPY_PHASE_STRIP = NO;
				DEBUG_INFORMATION_FORMAT = dwarf;
				ENABLE_STRICT_OBJC_MSGSEND = YES;
				ENABLE_TESTABILITY = YES;
				GCC_C_LANGUAGE_STANDARD = gnu11;
				GCC_DYNAMIC_NO_PIC = NO;
				GCC_NO_COMMON_BLOCKS = YES;
				GCC_OPTIMIZATION_LEVEL = 0;
				GCC_PREPROCESSOR_DEFINITIONS = (
					"DEBUG=1",
					"$(inherited)",
				);
				GCC_WARN_64_TO_32_BIT_CONVERSION = YES;
				GCC_WARN_ABOUT_RETURN_TYPE = YES_ERROR;
				GCC_WARN_UNDECLARED_SELECTOR = YES;
				GCC_WARN_UNINITIALIZED_AUTOS = YES_AGGRESSIVE;
				GCC_WARN_UNUSED_FUNCTION = YES;
				GCC_WARN_UNUSED_VARIABLE = YES;
				IPHONEOS_DEPLOYMENT_TARGET = 13.2;
				MTL_ENABLE_DEBUG_INFO = INCLUDE_SOURCE;
				MTL_FAST_MATH = YES;
				ONLY_ACTIVE_ARCH = YES;
				SDKROOT = iphoneos;
				SWIFT_ACTIVE_COMPILATION_CONDITIONS = DEBUG;
				SWIFT_OPTIMIZATION_LEVEL = "-Onone";
			};
			name = Debug;
		};
		D024EEF023E7EF99009503A9 /* Release */ = {
			isa = XCBuildConfiguration;
			buildSettings = {
				ALWAYS_SEARCH_USER_PATHS = NO;
				CLANG_ANALYZER_NONNULL = YES;
				CLANG_ANALYZER_NUMBER_OBJECT_CONVERSION = YES_AGGRESSIVE;
				CLANG_CXX_LANGUAGE_STANDARD = "gnu++14";
				CLANG_CXX_LIBRARY = "libc++";
				CLANG_ENABLE_MODULES = YES;
				CLANG_ENABLE_OBJC_ARC = YES;
				CLANG_ENABLE_OBJC_WEAK = YES;
				CLANG_WARN_BLOCK_CAPTURE_AUTORELEASING = YES;
				CLANG_WARN_BOOL_CONVERSION = YES;
				CLANG_WARN_COMMA = YES;
				CLANG_WARN_CONSTANT_CONVERSION = YES;
				CLANG_WARN_DEPRECATED_OBJC_IMPLEMENTATIONS = YES;
				CLANG_WARN_DIRECT_OBJC_ISA_USAGE = YES_ERROR;
				CLANG_WARN_DOCUMENTATION_COMMENTS = YES;
				CLANG_WARN_EMPTY_BODY = YES;
				CLANG_WARN_ENUM_CONVERSION = YES;
				CLANG_WARN_INFINITE_RECURSION = YES;
				CLANG_WARN_INT_CONVERSION = YES;
				CLANG_WARN_NON_LITERAL_NULL_CONVERSION = YES;
				CLANG_WARN_OBJC_IMPLICIT_RETAIN_SELF = YES;
				CLANG_WARN_OBJC_LITERAL_CONVERSION = YES;
				CLANG_WARN_OBJC_ROOT_CLASS = YES_ERROR;
				CLANG_WARN_RANGE_LOOP_ANALYSIS = YES;
				CLANG_WARN_STRICT_PROTOTYPES = YES;
				CLANG_WARN_SUSPICIOUS_MOVE = YES;
				CLANG_WARN_UNGUARDED_AVAILABILITY = YES_AGGRESSIVE;
				CLANG_WARN_UNREACHABLE_CODE = YES;
				CLANG_WARN__DUPLICATE_METHOD_MATCH = YES;
				COPY_PHASE_STRIP = NO;
				DEBUG_INFORMATION_FORMAT = "dwarf-with-dsym";
				ENABLE_NS_ASSERTIONS = NO;
				ENABLE_STRICT_OBJC_MSGSEND = YES;
				GCC_C_LANGUAGE_STANDARD = gnu11;
				GCC_NO_COMMON_BLOCKS = YES;
				GCC_WARN_64_TO_32_BIT_CONVERSION = YES;
				GCC_WARN_ABOUT_RETURN_TYPE = YES_ERROR;
				GCC_WARN_UNDECLARED_SELECTOR = YES;
				GCC_WARN_UNINITIALIZED_AUTOS = YES_AGGRESSIVE;
				GCC_WARN_UNUSED_FUNCTION = YES;
				GCC_WARN_UNUSED_VARIABLE = YES;
				IPHONEOS_DEPLOYMENT_TARGET = 13.2;
				MTL_ENABLE_DEBUG_INFO = NO;
				MTL_FAST_MATH = YES;
				SDKROOT = iphoneos;
				SWIFT_COMPILATION_MODE = wholemodule;
				SWIFT_OPTIMIZATION_LEVEL = "-O";
				VALIDATE_PRODUCT = YES;
			};
			name = Release;
		};
		D024EEF223E7EF99009503A9 /* Debug */ = {
			isa = XCBuildConfiguration;
			buildSettings = {
				ASSETCATALOG_COMPILER_APPICON_NAME = AppIcon;
				CODE_SIGN_STYLE = Automatic;
				INFOPLIST_FILE = denver_sports/Info.plist;
				LD_RUNPATH_SEARCH_PATHS = (
					"$(inherited)",
					"@executable_path/Frameworks",
				);
				PRODUCT_BUNDLE_IDENTIFIER = "MAD.denver-sports";
				PRODUCT_NAME = "$(TARGET_NAME)";
				SWIFT_VERSION = 5.0;
				TARGETED_DEVICE_FAMILY = "1,2";
			};
			name = Debug;
		};
		D024EEF323E7EF99009503A9 /* Release */ = {
			isa = XCBuildConfiguration;
			buildSettings = {
				ASSETCATALOG_COMPILER_APPICON_NAME = AppIcon;
				CODE_SIGN_STYLE = Automatic;
				INFOPLIST_FILE = denver_sports/Info.plist;
				LD_RUNPATH_SEARCH_PATHS = (
					"$(inherited)",
					"@executable_path/Frameworks",
				);
				PRODUCT_BUNDLE_IDENTIFIER = "MAD.denver-sports";
				PRODUCT_NAME = "$(TARGET_NAME)";
				SWIFT_VERSION = 5.0;
				TARGETED_DEVICE_FAMILY = "1,2";
			};
			name = Release;
		};
/* End XCBuildConfiguration section */

/* Begin XCConfigurationList section */
		D024EED623E7EF97009503A9 /* Build configuration list for PBXProject "denver_sports" */ = {
			isa = XCConfigurationList;
			buildConfigurations = (
				D024EEEF23E7EF99009503A9 /* Debug */,
				D024EEF023E7EF99009503A9 /* Release */,
			);
			defaultConfigurationIsVisible = 0;
			defaultConfigurationName = Release;
		};
		D024EEF123E7EF99009503A9 /* Build configuration list for PBXNativeTarget "denver_sports" */ = {
			isa = XCConfigurationList;
			buildConfigurations = (
				D024EEF223E7EF99009503A9 /* Debug */,
				D024EEF323E7EF99009503A9 /* Release */,
			);
			defaultConfigurationIsVisible = 0;
			defaultConfigurationName = Release;
		};
/* End XCConfigurationList section */
	};
	rootObject = D024EED323E7EF97009503A9 /* Project object */;
}
