// !$*UTF8*$!
{
	archiveVersion = 1;
	classes = {
	};
	objectVersion = 50;
	objects = {

/* Begin PBXBuildFile section */
		D012FC3523FC43D600F61C1E /* AppDelegate.swift in Sources */ = {isa = PBXBuildFile; fileRef = D012FC3423FC43D600F61C1E /* AppDelegate.swift */; };
		D012FC3723FC43D600F61C1E /* SceneDelegate.swift in Sources */ = {isa = PBXBuildFile; fileRef = D012FC3623FC43D600F61C1E /* SceneDelegate.swift */; };
		D012FC3C23FC43D600F61C1E /* Main.storyboard in Resources */ = {isa = PBXBuildFile; fileRef = D012FC3A23FC43D600F61C1E /* Main.storyboard */; };
		D012FC3E23FC43D900F61C1E /* Assets.xcassets in Resources */ = {isa = PBXBuildFile; fileRef = D012FC3D23FC43D900F61C1E /* Assets.xcassets */; };
		D012FC4123FC43D900F61C1E /* LaunchScreen.storyboard in Resources */ = {isa = PBXBuildFile; fileRef = D012FC3F23FC43D900F61C1E /* LaunchScreen.storyboard */; };
		D012FC4923FC443600F61C1E /* CollectionViewController.swift in Sources */ = {isa = PBXBuildFile; fileRef = D012FC4823FC443600F61C1E /* CollectionViewController.swift */; };
		D012FC4B23FC44F900F61C1E /* CollectionViewCell.swift in Sources */ = {isa = PBXBuildFile; fileRef = D012FC4A23FC44F900F61C1E /* CollectionViewCell.swift */; };
		D012FC4D23FC4BF000F61C1E /* HeaderView.swift in Sources */ = {isa = PBXBuildFile; fileRef = D012FC4C23FC4BF000F61C1E /* HeaderView.swift */; };
		D012FC4F23FC51B000F61C1E /* DetailViewController.swift in Sources */ = {isa = PBXBuildFile; fileRef = D012FC4E23FC51B000F61C1E /* DetailViewController.swift */; };
/* End PBXBuildFile section */

/* Begin PBXFileReference section */
		D012FC3123FC43D600F61C1E /* pictureCollection_demo.app */ = {isa = PBXFileReference; explicitFileType = wrapper.application; includeInIndex = 0; path = pictureCollection_demo.app; sourceTree = BUILT_PRODUCTS_DIR; };
		D012FC3423FC43D600F61C1E /* AppDelegate.swift */ = {isa = PBXFileReference; lastKnownFileType = sourcecode.swift; path = AppDelegate.swift; sourceTree = "<group>"; };
		D012FC3623FC43D600F61C1E /* SceneDelegate.swift */ = {isa = PBXFileReference; lastKnownFileType = sourcecode.swift; path = SceneDelegate.swift; sourceTree = "<group>"; };
		D012FC3B23FC43D600F61C1E /* Base */ = {isa = PBXFileReference; lastKnownFileType = file.storyboard; name = Base; path = Base.lproj/Main.storyboard; sourceTree = "<group>"; };
		D012FC3D23FC43D900F61C1E /* Assets.xcassets */ = {isa = PBXFileReference; lastKnownFileType = folder.assetcatalog; path = Assets.xcassets; sourceTree = "<group>"; };
		D012FC4023FC43D900F61C1E /* Base */ = {isa = PBXFileReference; lastKnownFileType = file.storyboard; name = Base; path = Base.lproj/LaunchScreen.storyboard; sourceTree = "<group>"; };
		D012FC4223FC43D900F61C1E /* Info.plist */ = {isa = PBXFileReference; lastKnownFileType = text.plist.xml; path = Info.plist; sourceTree = "<group>"; };
		D012FC4823FC443600F61C1E /* CollectionViewController.swift */ = {isa = PBXFileReference; lastKnownFileType = sourcecode.swift; path = CollectionViewController.swift; sourceTree = "<group>"; };
		D012FC4A23FC44F900F61C1E /* CollectionViewCell.swift */ = {isa = PBXFileReference; lastKnownFileType = sourcecode.swift; path = CollectionViewCell.swift; sourceTree = "<group>"; };
		D012FC4C23FC4BF000F61C1E /* HeaderView.swift */ = {isa = PBXFileReference; lastKnownFileType = sourcecode.swift; path = HeaderView.swift; sourceTree = "<group>"; };
		D012FC4E23FC51B000F61C1E /* DetailViewController.swift */ = {isa = PBXFileReference; lastKnownFileType = sourcecode.swift; path = DetailViewController.swift; sourceTree = "<group>"; };
/* End PBXFileReference section */

/* Begin PBXFrameworksBuildPhase section */
		D012FC2E23FC43D600F61C1E /* Frameworks */ = {
			isa = PBXFrameworksBuildPhase;
			buildActionMask = 2147483647;
			files = (
			);
			runOnlyForDeploymentPostprocessing = 0;
		};
/* End PBXFrameworksBuildPhase section */

/* Begin PBXGroup section */
		D012FC2823FC43D600F61C1E = {
			isa = PBXGroup;
			children = (
				D012FC3323FC43D600F61C1E /* pictureCollection_demo */,
				D012FC3223FC43D600F61C1E /* Products */,
			);
			sourceTree = "<group>";
		};
		D012FC3223FC43D600F61C1E /* Products */ = {
			isa = PBXGroup;
			children = (
				D012FC3123FC43D600F61C1E /* pictureCollection_demo.app */,
			);
			name = Products;
			sourceTree = "<group>";
		};
		D012FC3323FC43D600F61C1E /* pictureCollection_demo */ = {
			isa = PBXGroup;
			children = (
				D012FC4E23FC51B000F61C1E /* DetailViewController.swift */,
				D012FC3423FC43D600F61C1E /* AppDelegate.swift */,
				D012FC3623FC43D600F61C1E /* SceneDelegate.swift */,
				D012FC3A23FC43D600F61C1E /* Main.storyboard */,
				D012FC4A23FC44F900F61C1E /* CollectionViewCell.swift */,
				D012FC4823FC443600F61C1E /* CollectionViewController.swift */,
				D012FC4C23FC4BF000F61C1E /* HeaderView.swift */,
				D012FC3D23FC43D900F61C1E /* Assets.xcassets */,
				D012FC3F23FC43D900F61C1E /* LaunchScreen.storyboard */,
				D012FC4223FC43D900F61C1E /* Info.plist */,
			);
			path = pictureCollection_demo;
			sourceTree = "<group>";
		};
/* End PBXGroup section */

/* Begin PBXNativeTarget section */
		D012FC3023FC43D600F61C1E /* pictureCollection_demo */ = {
			isa = PBXNativeTarget;
			buildConfigurationList = D012FC4523FC43D900F61C1E /* Build configuration list for PBXNativeTarget "pictureCollection_demo" */;
			buildPhases = (
				D012FC2D23FC43D600F61C1E /* Sources */,
				D012FC2E23FC43D600F61C1E /* Frameworks */,
				D012FC2F23FC43D600F61C1E /* Resources */,
			);
			buildRules = (
			);
			dependencies = (
			);
			name = pictureCollection_demo;
			productName = pictureCollection_demo;
			productReference = D012FC3123FC43D600F61C1E /* pictureCollection_demo.app */;
			productType = "com.apple.product-type.application";
		};
/* End PBXNativeTarget section */

/* Begin PBXProject section */
		D012FC2923FC43D600F61C1E /* Project object */ = {
			isa = PBXProject;
			attributes = {
				LastSwiftUpdateCheck = 1130;
				LastUpgradeCheck = 1130;
				ORGANIZATIONNAME = "Gabe Raymondi";
				TargetAttributes = {
					D012FC3023FC43D600F61C1E = {
						CreatedOnToolsVersion = 11.3.1;
					};
				};
			};
			buildConfigurationList = D012FC2C23FC43D600F61C1E /* Build configuration list for PBXProject "pictureCollection_demo" */;
			compatibilityVersion = "Xcode 9.3";
			developmentRegion = en;
			hasScannedForEncodings = 0;
			knownRegions = (
				en,
				Base,
			);
			mainGroup = D012FC2823FC43D600F61C1E;
			productRefGroup = D012FC3223FC43D600F61C1E /* Products */;
			projectDirPath = "";
			projectRoot = "";
			targets = (
				D012FC3023FC43D600F61C1E /* pictureCollection_demo */,
			);
		};
/* End PBXProject section */

/* Begin PBXResourcesBuildPhase section */
		D012FC2F23FC43D600F61C1E /* Resources */ = {
			isa = PBXResourcesBuildPhase;
			buildActionMask = 2147483647;
			files = (
				D012FC4123FC43D900F61C1E /* LaunchScreen.storyboard in Resources */,
				D012FC3E23FC43D900F61C1E /* Assets.xcassets in Resources */,
				D012FC3C23FC43D600F61C1E /* Main.storyboard in Resources */,
			);
			runOnlyForDeploymentPostprocessing = 0;
		};
/* End PBXResourcesBuildPhase section */

/* Begin PBXSourcesBuildPhase section */
		D012FC2D23FC43D600F61C1E /* Sources */ = {
			isa = PBXSourcesBuildPhase;
			buildActionMask = 2147483647;
			files = (
				D012FC4D23FC4BF000F61C1E /* HeaderView.swift in Sources */,
				D012FC4923FC443600F61C1E /* CollectionViewController.swift in Sources */,
				D012FC3523FC43D600F61C1E /* AppDelegate.swift in Sources */,
				D012FC4F23FC51B000F61C1E /* DetailViewController.swift in Sources */,
				D012FC4B23FC44F900F61C1E /* CollectionViewCell.swift in Sources */,
				D012FC3723FC43D600F61C1E /* SceneDelegate.swift in Sources */,
			);
			runOnlyForDeploymentPostprocessing = 0;
		};
/* End PBXSourcesBuildPhase section */

/* Begin PBXVariantGroup section */
		D012FC3A23FC43D600F61C1E /* Main.storyboard */ = {
			isa = PBXVariantGroup;
			children = (
				D012FC3B23FC43D600F61C1E /* Base */,
			);
			name = Main.storyboard;
			sourceTree = "<group>";
		};
		D012FC3F23FC43D900F61C1E /* LaunchScreen.storyboard */ = {
			isa = PBXVariantGroup;
			children = (
				D012FC4023FC43D900F61C1E /* Base */,
			);
			name = LaunchScreen.storyboard;
			sourceTree = "<group>";
		};
/* End PBXVariantGroup section */

/* Begin XCBuildConfiguration section */
		D012FC4323FC43D900F61C1E /* Debug */ = {
			isa = XCBuildConfiguration;
			buildSettings = {
				ALWAYS_SEARCH_USER_PATHS = NO;
				CLANG_ANALYZER_NONNULL = YES;
				CLANG_ANALYZER_NUMBER_OBJECT_CONVERSION = YES_AGGRESSIVE;
				CLANG_CXX_LANGUAGE_STANDARD = "gnu++14";
				CLANG_CXX_LIBRARY = "libc++";
				CLANG_ENABLE_MODULES = YES;
				CLANG_ENABLE_OBJC_ARC = YES;
				CLANG_ENABLE_OBJC_WEAK = YES;
				CLANG_WARN_BLOCK_CAPTURE_AUTORELEASING = YES;
				CLANG_WARN_BOOL_CONVERSION = YES;
				CLANG_WARN_COMMA = YES;
				CLANG_WARN_CONSTANT_CONVERSION = YES;
				CLANG_WARN_DEPRECATED_OBJC_IMPLEMENTATIONS = YES;
				CLANG_WARN_DIRECT_OBJC_ISA_USAGE = YES_ERROR;
				CLANG_WARN_DOCUMENTATION_COMMENTS = YES;
				CLANG_WARN_EMPTY_BODY = YES;
				CLANG_WARN_ENUM_CONVERSION = YES;
				CLANG_WARN_INFINITE_RECURSION = YES;
				CLANG_WARN_INT_CONVERSION = YES;
				CLANG_WARN_NON_LITERAL_NULL_CONVERSION = YES;
				CLANG_WARN_OBJC_IMPLICIT_RETAIN_SELF = YES;
				CLANG_WARN_OBJC_LITERAL_CONVERSION = YES;
				CLANG_WARN_OBJC_ROOT_CLASS = YES_ERROR;
				CLANG_WARN_RANGE_LOOP_ANALYSIS = YES;
				CLANG_WARN_STRICT_PROTOTYPES = YES;
				CLANG_WARN_SUSPICIOUS_MOVE = YES;
				CLANG_WARN_UNGUARDED_AVAILABILITY = YES_AGGRESSIVE;
				CLANG_WARN_UNREACHABLE_CODE = YES;
				CLANG_WARN__DUPLICATE_METHOD_MATCH = YES;
				COPY_PHASE_STRIP = NO;
				DEBUG_INFORMATION_FORMAT = dwarf;
				ENABLE_STRICT_OBJC_MSGSEND = YES;
				ENABLE_TESTABILITY = YES;
				GCC_C_LANGUAGE_STANDARD = gnu11;
				GCC_DYNAMIC_NO_PIC = NO;
				GCC_NO_COMMON_BLOCKS = YES;
				GCC_OPTIMIZATION_LEVEL = 0;
				GCC_PREPROCESSOR_DEFINITIONS = (
					"DEBUG=1",
					"$(inherited)",
				);
				GCC_WARN_64_TO_32_BIT_CONVERSION = YES;
				GCC_WARN_ABOUT_RETURN_TYPE = YES_ERROR;
				GCC_WARN_UNDECLARED_SELECTOR = YES;
				GCC_WARN_UNINITIALIZED_AUTOS = YES_AGGRESSIVE;
				GCC_WARN_UNUSED_FUNCTION = YES;
				GCC_WARN_UNUSED_VARIABLE = YES;
				IPHONEOS_DEPLOYMENT_TARGET = 13.2;
				MTL_ENABLE_DEBUG_INFO = INCLUDE_SOURCE;
				MTL_FAST_MATH = YES;
				ONLY_ACTIVE_ARCH = YES;
				SDKROOT = iphoneos;
				SWIFT_ACTIVE_COMPILATION_CONDITIONS = DEBUG;
				SWIFT_OPTIMIZATION_LEVEL = "-Onone";
			};
			name = Debug;
		};
		D012FC4423FC43D900F61C1E /* Release */ = {
			isa = XCBuildConfiguration;
			buildSettings = {
				ALWAYS_SEARCH_USER_PATHS = NO;
				CLANG_ANALYZER_NONNULL = YES;
				CLANG_ANALYZER_NUMBER_OBJECT_CONVERSION = YES_AGGRESSIVE;
				CLANG_CXX_LANGUAGE_STANDARD = "gnu++14";
				CLANG_CXX_LIBRARY = "libc++";
				CLANG_ENABLE_MODULES = YES;
				CLANG_ENABLE_OBJC_ARC = YES;
				CLANG_ENABLE_OBJC_WEAK = YES;
				CLANG_WARN_BLOCK_CAPTURE_AUTORELEASING = YES;
				CLANG_WARN_BOOL_CONVERSION = YES;
				CLANG_WARN_COMMA = YES;
				CLANG_WARN_CONSTANT_CONVERSION = YES;
				CLANG_WARN_DEPRECATED_OBJC_IMPLEMENTATIONS = YES;
				CLANG_WARN_DIRECT_OBJC_ISA_USAGE = YES_ERROR;
				CLANG_WARN_DOCUMENTATION_COMMENTS = YES;
				CLANG_WARN_EMPTY_BODY = YES;
				CLANG_WARN_ENUM_CONVERSION = YES;
				CLANG_WARN_INFINITE_RECURSION = YES;
				CLANG_WARN_INT_CONVERSION = YES;
				CLANG_WARN_NON_LITERAL_NULL_CONVERSION = YES;
				CLANG_WARN_OBJC_IMPLICIT_RETAIN_SELF = YES;
				CLANG_WARN_OBJC_LITERAL_CONVERSION = YES;
				CLANG_WARN_OBJC_ROOT_CLASS = YES_ERROR;
				CLANG_WARN_RANGE_LOOP_ANALYSIS = YES;
				CLANG_WARN_STRICT_PROTOTYPES = YES;
				CLANG_WARN_SUSPICIOUS_MOVE = YES;
				CLANG_WARN_UNGUARDED_AVAILABILITY = YES_AGGRESSIVE;
				CLANG_WARN_UNREACHABLE_CODE = YES;
				CLANG_WARN__DUPLICATE_METHOD_MATCH = YES;
				COPY_PHASE_STRIP = NO;
				DEBUG_INFORMATION_FORMAT = "dwarf-with-dsym";
				ENABLE_NS_ASSERTIONS = NO;
				ENABLE_STRICT_OBJC_MSGSEND = YES;
				GCC_C_LANGUAGE_STANDARD = gnu11;
				GCC_NO_COMMON_BLOCKS = YES;
				GCC_WARN_64_TO_32_BIT_CONVERSION = YES;
				GCC_WARN_ABOUT_RETURN_TYPE = YES_ERROR;
				GCC_WARN_UNDECLARED_SELECTOR = YES;
				GCC_WARN_UNINITIALIZED_AUTOS = YES_AGGRESSIVE;
				GCC_WARN_UNUSED_FUNCTION = YES;
				GCC_WARN_UNUSED_VARIABLE = YES;
				IPHONEOS_DEPLOYMENT_TARGET = 13.2;
				MTL_ENABLE_DEBUG_INFO = NO;
				MTL_FAST_MATH = YES;
				SDKROOT = iphoneos;
				SWIFT_COMPILATION_MODE = wholemodule;
				SWIFT_OPTIMIZATION_LEVEL = "-O";
				VALIDATE_PRODUCT = YES;
			};
			name = Release;
		};
		D012FC4623FC43D900F61C1E /* Debug */ = {
			isa = XCBuildConfiguration;
			buildSettings = {
				ASSETCATALOG_COMPILER_APPICON_NAME = AppIcon;
				CODE_SIGN_STYLE = Automatic;
				INFOPLIST_FILE = pictureCollection_demo/Info.plist;
				LD_RUNPATH_SEARCH_PATHS = (
					"$(inherited)",
					"@executable_path/Frameworks",
				);
				PRODUCT_BUNDLE_IDENTIFIER = "MAD.pictureCollection-demo";
				PRODUCT_NAME = "$(TARGET_NAME)";
				SWIFT_VERSION = 5.0;
				TARGETED_DEVICE_FAMILY = "1,2";
			};
			name = Debug;
		};
		D012FC4723FC43D900F61C1E /* Release */ = {
			isa = XCBuildConfiguration;
			buildSettings = {
				ASSETCATALOG_COMPILER_APPICON_NAME = AppIcon;
				CODE_SIGN_STYLE = Automatic;
				INFOPLIST_FILE = pictureCollection_demo/Info.plist;
				LD_RUNPATH_SEARCH_PATHS = (
					"$(inherited)",
					"@executable_path/Frameworks",
				);
				PRODUCT_BUNDLE_IDENTIFIER = "MAD.pictureCollection-demo";
				PRODUCT_NAME = "$(TARGET_NAME)";
				SWIFT_VERSION = 5.0;
				TARGETED_DEVICE_FAMILY = "1,2";
			};
			name = Release;
		};
/* End XCBuildConfiguration section */

/* Begin XCConfigurationList section */
		D012FC2C23FC43D600F61C1E /* Build configuration list for PBXProject "pictureCollection_demo" */ = {
			isa = XCConfigurationList;
			buildConfigurations = (
				D012FC4323FC43D900F61C1E /* Debug */,
				D012FC4423FC43D900F61C1E /* Release */,
			);
			defaultConfigurationIsVisible = 0;
			defaultConfigurationName = Release;
		};
		D012FC4523FC43D900F61C1E /* Build configuration list for PBXNativeTarget "pictureCollection_demo" */ = {
			isa = XCConfigurationList;
			buildConfigurations = (
				D012FC4623FC43D900F61C1E /* Debug */,
				D012FC4723FC43D900F61C1E /* Release */,
			);
			defaultConfigurationIsVisible = 0;
			defaultConfigurationName = Release;
		};
/* End XCConfigurationList section */
	};
	rootObject = D012FC2923FC43D600F61C1E /* Project object */;
}
